PODS:
  - AFNetworking (3.1.0):
    - AFNetworking/NSURLSession (= 3.1.0)
    - AFNetworking/Reachability (= 3.1.0)
    - AFNetworking/Security (= 3.1.0)
    - AFNetworking/Serialization (= 3.1.0)
    - AFNetworking/UIKit (= 3.1.0)
  - AFNetworking/NSURLSession (3.1.0):
    - AFNetworking/Reachability
    - AFNetworking/Security
    - AFNetworking/Serialization
  - AFNetworking/Reachability (3.1.0)
  - AFNetworking/Security (3.1.0)
  - AFNetworking/Serialization (3.1.0)
  - AFNetworking/UIKit (3.1.0):
    - AFNetworking/NSURLSession
  - Bolts (1.8.4):
    - Bolts/AppLinks (= 1.8.4)
    - Bolts/Tasks (= 1.8.4)
  - Bolts/AppLinks (1.8.4):
    - Bolts/Tasks
  - Bolts/Tasks (1.8.4)
  - EZLoadingActivity (1.01)
  - FBSDKCoreKit (4.22.0):
    - Bolts (~> 1.7)
  - FBSDKLoginKit (4.22.0):
    - FBSDKCoreKit
  - ObjectMapper (2.2.6)
  - Parse (1.14.4):
    - Bolts/Tasks (~> 1.8)
  - ParseFacebookUtilsV4 (1.11.1):
    - Bolts/Tasks (>= 1.6)
    - FBSDKCoreKit (~> 4.10)
    - FBSDKLoginKit (~> 4.10)
    - FBSDKTVOSKit (~> 4.10)
    - Parse (~> 1.12)
  - RAMAnimatedTabBarController (2.0.13)
  - Stripe (10.0.1)
  - TableViewReloadAnimation (0.0.5)
  - UberRides (0.7.0):
    - ObjectMapper (~> 2.0)

DEPENDENCIES:
  - AFNetworking
  - EZLoadingActivity
  - ParseFacebookUtilsV4
  - RAMAnimatedTabBarController (~> 2.0.13)
  - Stripe
  - TableViewReloadAnimation (~> 0.0.5)
  - UberRides (from `https://github.com/uber/rides-ios-sdk.git`, branch `swift-3-dev`)

EXTERNAL SOURCES:
  UberRides:
    :branch: swift-3-dev
    :git: https://github.com/uber/rides-ios-sdk.git

CHECKOUT OPTIONS:
  UberRides:
    :commit: 3f09acb664ff87fb574dfbe6b8351dc7cdead968
    :git: https://github.com/uber/rides-ios-sdk.git

SPEC CHECKSUMS:
  AFNetworking: 5e0e199f73d8626b11e79750991f5d173d1f8b67
  Bolts: 8a7995239dbe724f9cba2248b766d48b7ebdd322
  EZLoadingActivity: edd7e387e5197b116ce2cccb3fd747ababc2a510
  FBSDKCoreKit: c693bad19feb225469eeff14452ba364522ee48b
  FBSDKLoginKit: 1fa529fc622d7b32ebeaffbecd377180833c6d30
  ObjectMapper: 042708195cc46c20871cbcbec0453826398273fd
  Parse: b0aa91d2c435e53d4a9af26e741e014c9b35c42e
  ParseFacebookUtilsV4: 2f30c2b7021c8005d3042781da7ef87d06589421
  RAMAnimatedTabBarController: 2510f3b66954c3f77ea1042a35d34df8f5f3b604
  Stripe: dd6df0e2c6a8463e2f1ca9b15dc246e5ae1eee64
  TableViewReloadAnimation: f3a4c4048efbc56331be98075f26a2e533a14c16
  UberRides: 796f4335121c2c8223985329c6979a452edfe083

PODFILE CHECKSUM: 3b6c121fabe4e3259e7e9f13ae6bbb12971d25d8

COCOAPODS: 1.2.1
